
Microsoft Visual Studio Solution File, Format Version 12.00
# Visual Studio Version 17
VisualStudioVersion = 17.4.33122.133
MinimumVisualStudioVersion = 10.0.40219.1
Project("{FAE04EC0-301F-11D3-BF4B-00C04F79EFBC}") = "hw3React", "hw3React\hw3React.csproj", "{B02B3841-9400-4007-96EB-90417E3C585A}"
EndProject
Global
	GlobalSection(SolutionConfigurationPlatforms) = preSolution
		Debug|Any CPU = Debug|Any CPU
		Release|Any CPU = Release|Any CPU
	EndGlobalSection
	GlobalSection(ProjectConfigurationPlatforms) = postSolution
		{B02B3841-9400-4007-96EB-90417E3C585A}.Debug|Any CPU.ActiveCfg = Debug|Any CPU
		{B02B3841-9400-4007-96EB-90417E3C585A}.Debug|Any CPU.Build.0 = Debug|Any CPU
		{B02B3841-9400-4007-96EB-90417E3C585A}.Release|Any CPU.ActiveCfg = Release|Any CPU
		{B02B3841-9400-4007-96EB-90417E3C585A}.Release|Any CPU.Build.0 = Release|Any CPU
	EndGlobalSection
	GlobalSection(SolutionProperties) = preSolution
		HideSolutionNode = FALSE
	EndGlobalSection
	GlobalSection(ExtensibilityGlobals) = postSolution
		SolutionGuid = {E5603FAC-9E2F-42FD-BB89-84976D4BA0EA}
	EndGlobalSection
EndGlobal
